Microsoft Visual Studio Solution File, Format Version 11.00
# Visual Studio 2019

Project("{8BC9CEB8-8B4A-11D0-8D11-00A0C91BC942}") = "Stereo Pairs Emulator - VST3", "Stereo Pairs Emulator_VST3.vcxproj", "{CDBA3BE1-9B7C-E6F3-64B6-E7DBB2B9E92E}"
	ProjectSection(ProjectDependencies) = postProject
		{8E27D574-CBFD-F54C-CB6D-54FAD2EC7BC5} = {8E27D574-CBFD-F54C-CB6D-54FAD2EC7BC5}
	EndProjectSection
EndProject
Project("{8BC9CEB8-8B4A-11D0-8D11-00A0C91BC942}") = "Stereo Pairs Emulator - Shared Code", "Stereo Pairs Emulator_SharedCode.vcxproj", "{8E27D574-CBFD-F54C-CB6D-54FAD2EC7BC5}"
EndProject
Global
	GlobalSection(SolutionConfigurationPlatforms) = preSolution
		Debug|x64 = Debug|x64
		Release|x64 = Release|x64
	EndGlobalSection
	GlobalSection(ProjectConfigurationPlatforms) = postSolution
		{CDBA3BE1-9B7C-E6F3-64B6-E7DBB2B9E92E}.Debug|x64.ActiveCfg = Debug|x64
		{CDBA3BE1-9B7C-E6F3-64B6-E7DBB2B9E92E}.Debug|x64.Build.0 = Debug|x64
		{CDBA3BE1-9B7C-E6F3-64B6-E7DBB2B9E92E}.Release|x64.ActiveCfg = Release|x64
		{CDBA3BE1-9B7C-E6F3-64B6-E7DBB2B9E92E}.Release|x64.Build.0 = Release|x64
		{8E27D574-CBFD-F54C-CB6D-54FAD2EC7BC5}.Debug|x64.ActiveCfg = Debug|x64
		{8E27D574-CBFD-F54C-CB6D-54FAD2EC7BC5}.Debug|x64.Build.0 = Debug|x64
		{8E27D574-CBFD-F54C-CB6D-54FAD2EC7BC5}.Release|x64.ActiveCfg = Release|x64
		{8E27D574-CBFD-F54C-CB6D-54FAD2EC7BC5}.Release|x64.Build.0 = Release|x64
	EndGlobalSection
	GlobalSection(SolutionProperties) = preSolution
		HideSolutionNode = FALSE
	EndGlobalSection
EndGlobal
